
Microsoft Visual Studio Solution File, Format Version 12.00
# Visual Studio Version 16
VisualStudioVersion = 16.0.30523.141
MinimumVisualStudioVersion = 10.0.40219.1
Project("{8BC9CEB8-8B4A-11D0-8D11-00A0C91BC942}") = "foo_alsong_lyric", "foo_alsong_lyric\foo_alsong_lyric.vcxproj", "{8A8E4CFD-AB61-4866-8CF3-280E22DE4B44}"
EndProject
Project("{8BC9CEB8-8B4A-11D0-8D11-00A0C91BC942}") = "sqplus", "..\3rdparty\Squirrel\projects\sqplus.vcxproj", "{F9811314-C694-49A4-BD87-BA2E7F30D358}"
EndProject
Project("{8BC9CEB8-8B4A-11D0-8D11-00A0C91BC942}") = "sqstdlib", "..\3rdparty\Squirrel\projects\sqstdlib.vcxproj", "{21FFCF49-0D09-41D3-8A04-F47A0890F27A}"
EndProject
Project("{8BC9CEB8-8B4A-11D0-8D11-00A0C91BC942}") = "squirrel", "..\3rdparty\Squirrel\projects\squirrel.vcxproj", "{D2EB28F5-6B67-4823-8051-B564EF852CED}"
EndProject
Project("{8BC9CEB8-8B4A-11D0-8D11-00A0C91BC942}") = "foobar2000_component_client", "..\sdk\foobar2000\foobar2000_component_client\foobar2000_component_client.vcxproj", "{71AD2674-065B-48F5-B8B0-E1F9D3892081}"
EndProject
Project("{8BC9CEB8-8B4A-11D0-8D11-00A0C91BC942}") = "foobar2000_sdk_helpers", "..\sdk\foobar2000\helpers\foobar2000_sdk_helpers.vcxproj", "{EE47764E-A202-4F85-A767-ABDAB4AFF35F}"
EndProject
Project("{8BC9CEB8-8B4A-11D0-8D11-00A0C91BC942}") = "foobar2000_SDK", "..\sdk\foobar2000\SDK\foobar2000_SDK.vcxproj", "{E8091321-D79D-4575-86EF-064EA1A4A20D}"
EndProject
Project("{8BC9CEB8-8B4A-11D0-8D11-00A0C91BC942}") = "pfc", "..\sdk\pfc\pfc.vcxproj", "{EBFFFB4E-261D-44D3-B89C-957B31A0BF9C}"
EndProject
Project("{8BC9CEB8-8B4A-11D0-8D11-00A0C91BC942}") = "columns_ui_sdk", "..\sdk\columns_ui-sdk\columns_ui-sdk-public.vcxproj", "{93EC0EDE-01CD-4FB0-B8E8-4F2A027E026E}"
EndProject
Project("{8BC9CEB8-8B4A-11D0-8D11-00A0C91BC942}") = "libPPUI", "..\sdk\libPPUI\libPPUI.vcxproj", "{7729EB82-4069-4414-964B-AD399091A03F}"
EndProject
Global
	GlobalSection(SolutionConfigurationPlatforms) = preSolution
		Debug|ARM64 = Debug|ARM64
		Debug|ARM64EC = Debug|ARM64EC
		Debug|Win32 = Debug|Win32
		Debug|x64 = Debug|x64
		Release staticlink|ARM64 = Release staticlink|ARM64
		Release staticlink|ARM64EC = Release staticlink|ARM64EC
		Release staticlink|Win32 = Release staticlink|Win32
		Release staticlink|x64 = Release staticlink|x64
		Release|ARM64 = Release|ARM64
		Release|ARM64EC = Release|ARM64EC
		Release|Win32 = Release|Win32
		Release|x64 = Release|x64
	EndGlobalSection
	GlobalSection(ProjectConfigurationPlatforms) = postSolution
		{8A8E4CFD-AB61-4866-8CF3-280E22DE4B44}.Debug|ARM64.ActiveCfg = Debug|Win32
		{8A8E4CFD-AB61-4866-8CF3-280E22DE4B44}.Debug|ARM64EC.ActiveCfg = Debug|Win32
		{8A8E4CFD-AB61-4866-8CF3-280E22DE4B44}.Debug|Win32.ActiveCfg = Debug|Win32
		{8A8E4CFD-AB61-4866-8CF3-280E22DE4B44}.Debug|Win32.Build.0 = Debug|Win32
		{8A8E4CFD-AB61-4866-8CF3-280E22DE4B44}.Debug|x64.ActiveCfg = Debug|Win32
		{8A8E4CFD-AB61-4866-8CF3-280E22DE4B44}.Release staticlink|ARM64.ActiveCfg = Release|Win32
		{8A8E4CFD-AB61-4866-8CF3-280E22DE4B44}.Release staticlink|ARM64.Build.0 = Release|Win32
		{8A8E4CFD-AB61-4866-8CF3-280E22DE4B44}.Release staticlink|ARM64EC.ActiveCfg = Release|Win32
		{8A8E4CFD-AB61-4866-8CF3-280E22DE4B44}.Release staticlink|ARM64EC.Build.0 = Release|Win32
		{8A8E4CFD-AB61-4866-8CF3-280E22DE4B44}.Release staticlink|Win32.ActiveCfg = Release|Win32
		{8A8E4CFD-AB61-4866-8CF3-280E22DE4B44}.Release staticlink|Win32.Build.0 = Release|Win32
		{8A8E4CFD-AB61-4866-8CF3-280E22DE4B44}.Release staticlink|x64.ActiveCfg = Release|Win32
		{8A8E4CFD-AB61-4866-8CF3-280E22DE4B44}.Release|ARM64.ActiveCfg = Release|Win32
		{8A8E4CFD-AB61-4866-8CF3-280E22DE4B44}.Release|ARM64EC.ActiveCfg = Release|Win32
		{8A8E4CFD-AB61-4866-8CF3-280E22DE4B44}.Release|Win32.ActiveCfg = Release|Win32
		{8A8E4CFD-AB61-4866-8CF3-280E22DE4B44}.Release|Win32.Build.0 = Release|Win32
		{8A8E4CFD-AB61-4866-8CF3-280E22DE4B44}.Release|x64.ActiveCfg = Release|Win32
		{F9811314-C694-49A4-BD87-BA2E7F30D358}.Debug|ARM64.ActiveCfg = Debug|Win32
		{F9811314-C694-49A4-BD87-BA2E7F30D358}.Debug|ARM64EC.ActiveCfg = Debug|Win32
		{F9811314-C694-49A4-BD87-BA2E7F30D358}.Debug|Win32.ActiveCfg = Debug|Win32
		{F9811314-C694-49A4-BD87-BA2E7F30D358}.Debug|Win32.Build.0 = Debug|Win32
		{F9811314-C694-49A4-BD87-BA2E7F30D358}.Debug|x64.ActiveCfg = Debug|Win32
		{F9811314-C694-49A4-BD87-BA2E7F30D358}.Release staticlink|ARM64.ActiveCfg = Release|Win32
		{F9811314-C694-49A4-BD87-BA2E7F30D358}.Release staticlink|ARM64.Build.0 = Release|Win32
		{F9811314-C694-49A4-BD87-BA2E7F30D358}.Release staticlink|ARM64EC.ActiveCfg = Release|Win32
		{F9811314-C694-49A4-BD87-BA2E7F30D358}.Release staticlink|ARM64EC.Build.0 = Release|Win32
		{F9811314-C694-49A4-BD87-BA2E7F30D358}.Release staticlink|Win32.ActiveCfg = Release|Win32
		{F9811314-C694-49A4-BD87-BA2E7F30D358}.Release staticlink|Win32.Build.0 = Release|Win32
		{F9811314-C694-49A4-BD87-BA2E7F30D358}.Release staticlink|x64.ActiveCfg = Release|Win32
		{F9811314-C694-49A4-BD87-BA2E7F30D358}.Release|ARM64.ActiveCfg = Release|Win32
		{F9811314-C694-49A4-BD87-BA2E7F30D358}.Release|ARM64EC.ActiveCfg = Release|Win32
		{F9811314-C694-49A4-BD87-BA2E7F30D358}.Release|Win32.ActiveCfg = Release|Win32
		{F9811314-C694-49A4-BD87-BA2E7F30D358}.Release|Win32.Build.0 = Release|Win32
		{F9811314-C694-49A4-BD87-BA2E7F30D358}.Release|x64.ActiveCfg = Release|Win32
		{21FFCF49-0D09-41D3-8A04-F47A0890F27A}.Debug|ARM64.ActiveCfg = Debug|Win32
		{21FFCF49-0D09-41D3-8A04-F47A0890F27A}.Debug|ARM64EC.ActiveCfg = Debug|Win32
		{21FFCF49-0D09-41D3-8A04-F47A0890F27A}.Debug|Win32.ActiveCfg = Debug|Win32
		{21FFCF49-0D09-41D3-8A04-F47A0890F27A}.Debug|Win32.Build.0 = Debug|Win32
		{21FFCF49-0D09-41D3-8A04-F47A0890F27A}.Debug|x64.ActiveCfg = Debug|Win32
		{21FFCF49-0D09-41D3-8A04-F47A0890F27A}.Release staticlink|ARM64.ActiveCfg = Release|Win32
		{21FFCF49-0D09-41D3-8A04-F47A0890F27A}.Release staticlink|ARM64.Build.0 = Release|Win32
		{21FFCF49-0D09-41D3-8A04-F47A0890F27A}.Release staticlink|ARM64EC.ActiveCfg = Release|Win32
		{21FFCF49-0D09-41D3-8A04-F47A0890F27A}.Release staticlink|ARM64EC.Build.0 = Release|Win32
		{21FFCF49-0D09-41D3-8A04-F47A0890F27A}.Release staticlink|Win32.ActiveCfg = Release|Win32
		{21FFCF49-0D09-41D3-8A04-F47A0890F27A}.Release staticlink|Win32.Build.0 = Release|Win32
		{21FFCF49-0D09-41D3-8A04-F47A0890F27A}.Release staticlink|x64.ActiveCfg = Release|Win32
		{21FFCF49-0D09-41D3-8A04-F47A0890F27A}.Release|ARM64.ActiveCfg = Release|Win32
		{21FFCF49-0D09-41D3-8A04-F47A0890F27A}.Release|ARM64EC.ActiveCfg = Release|Win32
		{21FFCF49-0D09-41D3-8A04-F47A0890F27A}.Release|Win32.ActiveCfg = Release|Win32
		{21FFCF49-0D09-41D3-8A04-F47A0890F27A}.Release|Win32.Build.0 = Release|Win32
		{21FFCF49-0D09-41D3-8A04-F47A0890F27A}.Release|x64.ActiveCfg = Release|Win32
		{D2EB28F5-6B67-4823-8051-B564EF852CED}.Debug|ARM64.ActiveCfg = Debug|Win32
		{D2EB28F5-6B67-4823-8051-B564EF852CED}.Debug|ARM64EC.ActiveCfg = Debug|Win32
		{D2EB28F5-6B67-4823-8051-B564EF852CED}.Debug|Win32.ActiveCfg = Debug|Win32
		{D2EB28F5-6B67-4823-8051-B564EF852CED}.Debug|Win32.Build.0 = Debug|Win32
		{D2EB28F5-6B67-4823-8051-B564EF852CED}.Debug|x64.ActiveCfg = Debug|Win32
		{D2EB28F5-6B67-4823-8051-B564EF852CED}.Release staticlink|ARM64.ActiveCfg = Release|Win32
		{D2EB28F5-6B67-4823-8051-B564EF852CED}.Release staticlink|ARM64.Build.0 = Release|Win32
		{D2EB28F5-6B67-4823-8051-B564EF852CED}.Release staticlink|ARM64EC.ActiveCfg = Release|Win32
		{D2EB28F5-6B67-4823-8051-B564EF852CED}.Release staticlink|ARM64EC.Build.0 = Release|Win32
		{D2EB28F5-6B67-4823-8051-B564EF852CED}.Release staticlink|Win32.ActiveCfg = Release|Win32
		{D2EB28F5-6B67-4823-8051-B564EF852CED}.Release staticlink|Win32.Build.0 = Release|Win32
		{D2EB28F5-6B67-4823-8051-B564EF852CED}.Release staticlink|x64.ActiveCfg = Release|Win32
		{D2EB28F5-6B67-4823-8051-B564EF852CED}.Release|ARM64.ActiveCfg = Release|Win32
		{D2EB28F5-6B67-4823-8051-B564EF852CED}.Release|ARM64EC.ActiveCfg = Release|Win32
		{D2EB28F5-6B67-4823-8051-B564EF852CED}.Release|Win32.ActiveCfg = Release|Win32
		{D2EB28F5-6B67-4823-8051-B564EF852CED}.Release|Win32.Build.0 = Release|Win32
		{D2EB28F5-6B67-4823-8051-B564EF852CED}.Release|x64.ActiveCfg = Release|Win32
		{71AD2674-065B-48F5-B8B0-E1F9D3892081}.Debug|ARM64.ActiveCfg = Debug|ARM64
		{71AD2674-065B-48F5-B8B0-E1F9D3892081}.Debug|ARM64.Build.0 = Debug|ARM64
		{71AD2674-065B-48F5-B8B0-E1F9D3892081}.Debug|ARM64EC.ActiveCfg = Debug|ARM64EC
		{71AD2674-065B-48F5-B8B0-E1F9D3892081}.Debug|ARM64EC.Build.0 = Debug|ARM64EC
		{71AD2674-065B-48F5-B8B0-E1F9D3892081}.Debug|Win32.ActiveCfg = Debug|Win32
		{71AD2674-065B-48F5-B8B0-E1F9D3892081}.Debug|Win32.Build.0 = Debug|Win32
		{71AD2674-065B-48F5-B8B0-E1F9D3892081}.Debug|x64.ActiveCfg = Debug|x64
		{71AD2674-065B-48F5-B8B0-E1F9D3892081}.Debug|x64.Build.0 = Debug|x64
		{71AD2674-065B-48F5-B8B0-E1F9D3892081}.Release staticlink|ARM64.ActiveCfg = Release|ARM64
		{71AD2674-065B-48F5-B8B0-E1F9D3892081}.Release staticlink|ARM64.Build.0 = Release|ARM64
		{71AD2674-065B-48F5-B8B0-E1F9D3892081}.Release staticlink|ARM64EC.ActiveCfg = Release|ARM64EC
		{71AD2674-065B-48F5-B8B0-E1F9D3892081}.Release staticlink|ARM64EC.Build.0 = Release|ARM64EC
		{71AD2674-065B-48F5-B8B0-E1F9D3892081}.Release staticlink|Win32.ActiveCfg = Release|x64
		{71AD2674-065B-48F5-B8B0-E1F9D3892081}.Release staticlink|x64.ActiveCfg = Release|x64
		{71AD2674-065B-48F5-B8B0-E1F9D3892081}.Release staticlink|x64.Build.0 = Release|x64
		{71AD2674-065B-48F5-B8B0-E1F9D3892081}.Release|ARM64.ActiveCfg = Release|ARM64
		{71AD2674-065B-48F5-B8B0-E1F9D3892081}.Release|ARM64.Build.0 = Release|ARM64
		{71AD2674-065B-48F5-B8B0-E1F9D3892081}.Release|ARM64EC.ActiveCfg = Release|ARM64EC
		{71AD2674-065B-48F5-B8B0-E1F9D3892081}.Release|ARM64EC.Build.0 = Release|ARM64EC
		{71AD2674-065B-48F5-B8B0-E1F9D3892081}.Release|Win32.ActiveCfg = Release|Win32
		{71AD2674-065B-48F5-B8B0-E1F9D3892081}.Release|Win32.Build.0 = Release|Win32
		{71AD2674-065B-48F5-B8B0-E1F9D3892081}.Release|x64.ActiveCfg = Release|x64
		{71AD2674-065B-48F5-B8B0-E1F9D3892081}.Release|x64.Build.0 = Release|x64
		{EE47764E-A202-4F85-A767-ABDAB4AFF35F}.Debug|ARM64.ActiveCfg = Debug|ARM64
		{EE47764E-A202-4F85-A767-ABDAB4AFF35F}.Debug|ARM64.Build.0 = Debug|ARM64
		{EE47764E-A202-4F85-A767-ABDAB4AFF35F}.Debug|ARM64EC.ActiveCfg = Debug|ARM64EC
		{EE47764E-A202-4F85-A767-ABDAB4AFF35F}.Debug|ARM64EC.Build.0 = Debug|ARM64EC
		{EE47764E-A202-4F85-A767-ABDAB4AFF35F}.Debug|Win32.ActiveCfg = Debug|Win32
		{EE47764E-A202-4F85-A767-ABDAB4AFF35F}.Debug|Win32.Build.0 = Debug|Win32
		{EE47764E-A202-4F85-A767-ABDAB4AFF35F}.Debug|x64.ActiveCfg = Debug|x64
		{EE47764E-A202-4F85-A767-ABDAB4AFF35F}.Debug|x64.Build.0 = Debug|x64
		{EE47764E-A202-4F85-A767-ABDAB4AFF35F}.Release staticlink|ARM64.ActiveCfg = Release|ARM64
		{EE47764E-A202-4F85-A767-ABDAB4AFF35F}.Release staticlink|ARM64.Build.0 = Release|ARM64
		{EE47764E-A202-4F85-A767-ABDAB4AFF35F}.Release staticlink|ARM64EC.ActiveCfg = Release|ARM64EC
		{EE47764E-A202-4F85-A767-ABDAB4AFF35F}.Release staticlink|ARM64EC.Build.0 = Release|ARM64EC
		{EE47764E-A202-4F85-A767-ABDAB4AFF35F}.Release staticlink|Win32.ActiveCfg = Release|x64
		{EE47764E-A202-4F85-A767-ABDAB4AFF35F}.Release staticlink|x64.ActiveCfg = Release|x64
		{EE47764E-A202-4F85-A767-ABDAB4AFF35F}.Release staticlink|x64.Build.0 = Release|x64
		{EE47764E-A202-4F85-A767-ABDAB4AFF35F}.Release|ARM64.ActiveCfg = Release|ARM64
		{EE47764E-A202-4F85-A767-ABDAB4AFF35F}.Release|ARM64.Build.0 = Release|ARM64
		{EE47764E-A202-4F85-A767-ABDAB4AFF35F}.Release|ARM64EC.ActiveCfg = Release|ARM64EC
		{EE47764E-A202-4F85-A767-ABDAB4AFF35F}.Release|ARM64EC.Build.0 = Release|ARM64EC
		{EE47764E-A202-4F85-A767-ABDAB4AFF35F}.Release|Win32.ActiveCfg = Release|Win32
		{EE47764E-A202-4F85-A767-ABDAB4AFF35F}.Release|Win32.Build.0 = Release|Win32
		{EE47764E-A202-4F85-A767-ABDAB4AFF35F}.Release|x64.ActiveCfg = Release|x64
		{EE47764E-A202-4F85-A767-ABDAB4AFF35F}.Release|x64.Build.0 = Release|x64
		{E8091321-D79D-4575-86EF-064EA1A4A20D}.Debug|ARM64.ActiveCfg = Debug|ARM64
		{E8091321-D79D-4575-86EF-064EA1A4A20D}.Debug|ARM64.Build.0 = Debug|ARM64
		{E8091321-D79D-4575-86EF-064EA1A4A20D}.Debug|ARM64EC.ActiveCfg = Debug|ARM64EC
		{E8091321-D79D-4575-86EF-064EA1A4A20D}.Debug|ARM64EC.Build.0 = Debug|ARM64EC
		{E8091321-D79D-4575-86EF-064EA1A4A20D}.Debug|Win32.ActiveCfg = Debug|Win32
		{E8091321-D79D-4575-86EF-064EA1A4A20D}.Debug|Win32.Build.0 = Debug|Win32
		{E8091321-D79D-4575-86EF-064EA1A4A20D}.Debug|x64.ActiveCfg = Debug|x64
		{E8091321-D79D-4575-86EF-064EA1A4A20D}.Debug|x64.Build.0 = Debug|x64
		{E8091321-D79D-4575-86EF-064EA1A4A20D}.Release staticlink|ARM64.ActiveCfg = Release|ARM64
		{E8091321-D79D-4575-86EF-064EA1A4A20D}.Release staticlink|ARM64.Build.0 = Release|ARM64
		{E8091321-D79D-4575-86EF-064EA1A4A20D}.Release staticlink|ARM64EC.ActiveCfg = Release|ARM64EC
		{E8091321-D79D-4575-86EF-064EA1A4A20D}.Release staticlink|ARM64EC.Build.0 = Release|ARM64EC
		{E8091321-D79D-4575-86EF-064EA1A4A20D}.Release staticlink|Win32.ActiveCfg = Release|x64
		{E8091321-D79D-4575-86EF-064EA1A4A20D}.Release staticlink|x64.ActiveCfg = Release|x64
		{E8091321-D79D-4575-86EF-064EA1A4A20D}.Release staticlink|x64.Build.0 = Release|x64
		{E8091321-D79D-4575-86EF-064EA1A4A20D}.Release|ARM64.ActiveCfg = Release|ARM64
		{E8091321-D79D-4575-86EF-064EA1A4A20D}.Release|ARM64.Build.0 = Release|ARM64
		{E8091321-D79D-4575-86EF-064EA1A4A20D}.Release|ARM64EC.ActiveCfg = Release|ARM64EC
		{E8091321-D79D-4575-86EF-064EA1A4A20D}.Release|ARM64EC.Build.0 = Release|ARM64EC
		{E8091321-D79D-4575-86EF-064EA1A4A20D}.Release|Win32.ActiveCfg = Release|Win32
		{E8091321-D79D-4575-86EF-064EA1A4A20D}.Release|Win32.Build.0 = Release|Win32
		{E8091321-D79D-4575-86EF-064EA1A4A20D}.Release|x64.ActiveCfg = Release|x64
		{E8091321-D79D-4575-86EF-064EA1A4A20D}.Release|x64.Build.0 = Release|x64
		{EBFFFB4E-261D-44D3-B89C-957B31A0BF9C}.Debug|ARM64.ActiveCfg = Debug|ARM64
		{EBFFFB4E-261D-44D3-B89C-957B31A0BF9C}.Debug|ARM64.Build.0 = Debug|ARM64
		{EBFFFB4E-261D-44D3-B89C-957B31A0BF9C}.Debug|ARM64EC.ActiveCfg = Debug|ARM64EC
		{EBFFFB4E-261D-44D3-B89C-957B31A0BF9C}.Debug|ARM64EC.Build.0 = Debug|ARM64EC
		{EBFFFB4E-261D-44D3-B89C-957B31A0BF9C}.Debug|Win32.ActiveCfg = Debug|Win32
		{EBFFFB4E-261D-44D3-B89C-957B31A0BF9C}.Debug|Win32.Build.0 = Debug|Win32
		{EBFFFB4E-261D-44D3-B89C-957B31A0BF9C}.Debug|x64.ActiveCfg = Debug|x64
		{EBFFFB4E-261D-44D3-B89C-957B31A0BF9C}.Debug|x64.Build.0 = Debug|x64
		{EBFFFB4E-261D-44D3-B89C-957B31A0BF9C}.Release staticlink|ARM64.ActiveCfg = Release FB2K|ARM64
		{EBFFFB4E-261D-44D3-B89C-957B31A0BF9C}.Release staticlink|ARM64.Build.0 = Release FB2K|ARM64
		{EBFFFB4E-261D-44D3-B89C-957B31A0BF9C}.Release staticlink|ARM64EC.ActiveCfg = Release FB2K|ARM64EC
		{EBFFFB4E-261D-44D3-B89C-957B31A0BF9C}.Release staticlink|ARM64EC.Build.0 = Release FB2K|ARM64EC
		{EBFFFB4E-261D-44D3-B89C-957B31A0BF9C}.Release staticlink|Win32.ActiveCfg = Release|x64
		{EBFFFB4E-261D-44D3-B89C-957B31A0BF9C}.Release staticlink|x64.ActiveCfg = Release|x64
		{EBFFFB4E-261D-44D3-B89C-957B31A0BF9C}.Release staticlink|x64.Build.0 = Release|x64
		{EBFFFB4E-261D-44D3-B89C-957B31A0BF9C}.Release|ARM64.ActiveCfg = Release|ARM64
		{EBFFFB4E-261D-44D3-B89C-957B31A0BF9C}.Release|ARM64.Build.0 = Release|ARM64
		{EBFFFB4E-261D-44D3-B89C-957B31A0BF9C}.Release|ARM64EC.ActiveCfg = Release|ARM64EC
		{EBFFFB4E-261D-44D3-B89C-957B31A0BF9C}.Release|ARM64EC.Build.0 = Release|ARM64EC
		{EBFFFB4E-261D-44D3-B89C-957B31A0BF9C}.Release|Win32.ActiveCfg = Release|Win32
		{EBFFFB4E-261D-44D3-B89C-957B31A0BF9C}.Release|Win32.Build.0 = Release|Win32
		{EBFFFB4E-261D-44D3-B89C-957B31A0BF9C}.Release|x64.ActiveCfg = Release|x64
		{EBFFFB4E-261D-44D3-B89C-957B31A0BF9C}.Release|x64.Build.0 = Release|x64
		{93EC0EDE-01CD-4FB0-B8E8-4F2A027E026E}.Debug|ARM64.ActiveCfg = Debug|Win32
		{93EC0EDE-01CD-4FB0-B8E8-4F2A027E026E}.Debug|ARM64EC.ActiveCfg = Debug|Win32
		{93EC0EDE-01CD-4FB0-B8E8-4F2A027E026E}.Debug|Win32.ActiveCfg = Debug|Win32
		{93EC0EDE-01CD-4FB0-B8E8-4F2A027E026E}.Debug|Win32.Build.0 = Debug|Win32
		{93EC0EDE-01CD-4FB0-B8E8-4F2A027E026E}.Debug|x64.ActiveCfg = Debug|x64
		{93EC0EDE-01CD-4FB0-B8E8-4F2A027E026E}.Debug|x64.Build.0 = Debug|x64
		{93EC0EDE-01CD-4FB0-B8E8-4F2A027E026E}.Release staticlink|ARM64.ActiveCfg = Release|x64
		{93EC0EDE-01CD-4FB0-B8E8-4F2A027E026E}.Release staticlink|ARM64.Build.0 = Release|x64
		{93EC0EDE-01CD-4FB0-B8E8-4F2A027E026E}.Release staticlink|ARM64EC.ActiveCfg = Release|x64
		{93EC0EDE-01CD-4FB0-B8E8-4F2A027E026E}.Release staticlink|ARM64EC.Build.0 = Release|x64
		{93EC0EDE-01CD-4FB0-B8E8-4F2A027E026E}.Release staticlink|Win32.ActiveCfg = Release|Win32
		{93EC0EDE-01CD-4FB0-B8E8-4F2A027E026E}.Release staticlink|Win32.Build.0 = Release|Win32
		{93EC0EDE-01CD-4FB0-B8E8-4F2A027E026E}.Release staticlink|x64.ActiveCfg = Release|x64
		{93EC0EDE-01CD-4FB0-B8E8-4F2A027E026E}.Release staticlink|x64.Build.0 = Release|x64
		{93EC0EDE-01CD-4FB0-B8E8-4F2A027E026E}.Release|ARM64.ActiveCfg = Release|Win32
		{93EC0EDE-01CD-4FB0-B8E8-4F2A027E026E}.Release|ARM64EC.ActiveCfg = Release|Win32
		{93EC0EDE-01CD-4FB0-B8E8-4F2A027E026E}.Release|Win32.ActiveCfg = Release|Win32
		{93EC0EDE-01CD-4FB0-B8E8-4F2A027E026E}.Release|Win32.Build.0 = Release|Win32
		{93EC0EDE-01CD-4FB0-B8E8-4F2A027E026E}.Release|x64.ActiveCfg = Release|x64
		{93EC0EDE-01CD-4FB0-B8E8-4F2A027E026E}.Release|x64.Build.0 = Release|x64
		{7729EB82-4069-4414-964B-AD399091A03F}.Debug|ARM64.ActiveCfg = Debug|ARM64
		{7729EB82-4069-4414-964B-AD399091A03F}.Debug|ARM64.Build.0 = Debug|ARM64
		{7729EB82-4069-4414-964B-AD399091A03F}.Debug|ARM64EC.ActiveCfg = Debug|ARM64EC
		{7729EB82-4069-4414-964B-AD399091A03F}.Debug|ARM64EC.Build.0 = Debug|ARM64EC
		{7729EB82-4069-4414-964B-AD399091A03F}.Debug|Win32.ActiveCfg = Debug|Win32
		{7729EB82-4069-4414-964B-AD399091A03F}.Debug|Win32.Build.0 = Debug|Win32
		{7729EB82-4069-4414-964B-AD399091A03F}.Debug|x64.ActiveCfg = Debug|x64
		{7729EB82-4069-4414-964B-AD399091A03F}.Debug|x64.Build.0 = Debug|x64
		{7729EB82-4069-4414-964B-AD399091A03F}.Release staticlink|ARM64.ActiveCfg = Release|ARM64
		{7729EB82-4069-4414-964B-AD399091A03F}.Release staticlink|ARM64.Build.0 = Release|ARM64
		{7729EB82-4069-4414-964B-AD399091A03F}.Release staticlink|ARM64EC.ActiveCfg = Release|ARM64EC
		{7729EB82-4069-4414-964B-AD399091A03F}.Release staticlink|ARM64EC.Build.0 = Release|ARM64EC
		{7729EB82-4069-4414-964B-AD399091A03F}.Release staticlink|Win32.ActiveCfg = Release|Win32
		{7729EB82-4069-4414-964B-AD399091A03F}.Release staticlink|Win32.Build.0 = Release|Win32
		{7729EB82-4069-4414-964B-AD399091A03F}.Release staticlink|x64.ActiveCfg = Release|x64
		{7729EB82-4069-4414-964B-AD399091A03F}.Release staticlink|x64.Build.0 = Release|x64
		{7729EB82-4069-4414-964B-AD399091A03F}.Release|ARM64.ActiveCfg = Release|ARM64
		{7729EB82-4069-4414-964B-AD399091A03F}.Release|ARM64.Build.0 = Release|ARM64
		{7729EB82-4069-4414-964B-AD399091A03F}.Release|ARM64EC.ActiveCfg = Release|ARM64EC
		{7729EB82-4069-4414-964B-AD399091A03F}.Release|ARM64EC.Build.0 = Release|ARM64EC
		{7729EB82-4069-4414-964B-AD399091A03F}.Release|Win32.ActiveCfg = Release|Win32
		{7729EB82-4069-4414-964B-AD399091A03F}.Release|Win32.Build.0 = Release|Win32
		{7729EB82-4069-4414-964B-AD399091A03F}.Release|x64.ActiveCfg = Release|x64
		{7729EB82-4069-4414-964B-AD399091A03F}.Release|x64.Build.0 = Release|x64
	EndGlobalSection
	GlobalSection(SolutionProperties) = preSolution
		HideSolutionNode = FALSE
	EndGlobalSection
	GlobalSection(ExtensibilityGlobals) = postSolution
		SolutionGuid = {436D20F1-5973-4781-8BF2-E8CFD09BC610}
	EndGlobalSection
EndGlobal
